// !$*UTF8*$!
{
	archiveVersion = 1;
	classes = {
	};
	objectVersion = 46;
	objects = {

/* Begin PBXBuildFile section */
		F43CD5D71E72199C00CBEDE3 /* AppDelegate.swift in Sources */ = {isa = PBXBuildFile; fileRef = F43CD5D61E72199C00CBEDE3 /* AppDelegate.swift */; };
		F43CD5D91E72199C00CBEDE3 /* ViewController.swift in Sources */ = {isa = PBXBuildFile; fileRef = F43CD5D81E72199C00CBEDE3 /* ViewController.swift */; };
		F43CD5DC1E72199C00CBEDE3 /* Main.storyboard in Resources */ = {isa = PBXBuildFile; fileRef = F43CD5DA1E72199C00CBEDE3 /* Main.storyboard */; };
		F43CD5DE1E72199C00CBEDE3 /* Assets.xcassets in Resources */ = {isa = PBXBuildFile; fileRef = F43CD5DD1E72199C00CBEDE3 /* Assets.xcassets */; };
		F43CD5E11E72199C00CBEDE3 /* LaunchScreen.storyboard in Resources */ = {isa = PBXBuildFile; fileRef = F43CD5DF1E72199C00CBEDE3 /* LaunchScreen.storyboard */; };
		F4EF666B1E984EFC003D5F81 /* BackgroundColorProvider.swift in Sources */ = {isa = PBXBuildFile; fileRef = F4EF666A1E984EFC003D5F81 /* BackgroundColorProvider.swift */; };
		F4FDAF0E1E89F7B30017F98F /* FactProvider.swift in Sources */ = {isa = PBXBuildFile; fileRef = F4FDAF0D1E89F7B30017F98F /* FactProvider.swift */; };
/* End PBXBuildFile section */

/* Begin PBXFileReference section */
		F43CD5D31E72199C00CBEDE3 /* FunFacts.app */ = {isa = PBXFileReference; explicitFileType = wrapper.application; includeInIndex = 0; path = FunFacts.app; sourceTree = BUILT_PRODUCTS_DIR; };
		F43CD5D61E72199C00CBEDE3 /* AppDelegate.swift */ = {isa = PBXFileReference; lastKnownFileType = sourcecode.swift; path = AppDelegate.swift; sourceTree = "<group>"; };
		F43CD5D81E72199C00CBEDE3 /* ViewController.swift */ = {isa = PBXFileReference; lastKnownFileType = sourcecode.swift; path = ViewController.swift; sourceTree = "<group>"; };
		F43CD5DB1E72199C00CBEDE3 /* Base */ = {isa = PBXFileReference; lastKnownFileType = file.storyboard; name = Base; path = Base.lproj/Main.storyboard; sourceTree = "<group>"; };
		F43CD5DD1E72199C00CBEDE3 /* Assets.xcassets */ = {isa = PBXFileReference; lastKnownFileType = folder.assetcatalog; path = Assets.xcassets; sourceTree = "<group>"; };
		F43CD5E01E72199C00CBEDE3 /* Base */ = {isa = PBXFileReference; lastKnownFileType = file.storyboard; name = Base; path = Base.lproj/LaunchScreen.storyboard; sourceTree = "<group>"; };
		F43CD5E21E72199C00CBEDE3 /* Info.plist */ = {isa = PBXFileReference; lastKnownFileType = text.plist.xml; path = Info.plist; sourceTree = "<group>"; };
		F4EF666A1E984EFC003D5F81 /* BackgroundColorProvider.swift */ = {isa = PBXFileReference; fileEncoding = 4; lastKnownFileType = sourcecode.swift; path = BackgroundColorProvider.swift; sourceTree = "<group>"; };
		F4FDAF0D1E89F7B30017F98F /* FactProvider.swift */ = {isa = PBXFileReference; fileEncoding = 4; lastKnownFileType = sourcecode.swift; path = FactProvider.swift; sourceTree = "<group>"; };
/* End PBXFileReference section */

/* Begin PBXFrameworksBuildPhase section */
		F43CD5D01E72199C00CBEDE3 /* Frameworks */ = {
			isa = PBXFrameworksBuildPhase;
			buildActionMask = 2147483647;
			files = (
			);
			runOnlyForDeploymentPostprocessing = 0;
		};
/* End PBXFrameworksBuildPhase section */

/* Begin PBXGroup section */
		F43CD5CA1E72199C00CBEDE3 = {
			isa = PBXGroup;
			children = (
				F4EF666A1E984EFC003D5F81 /* BackgroundColorProvider.swift */,
				F4FDAF0D1E89F7B30017F98F /* FactProvider.swift */,
				F43CD5D51E72199C00CBEDE3 /* FunFacts */,
				F43CD5D41E72199C00CBEDE3 /* Products */,
			);
			sourceTree = "<group>";
		};
		F43CD5D41E72199C00CBEDE3 /* Products */ = {
			isa = PBXGroup;
			children = (
				F43CD5D31E72199C00CBEDE3 /* FunFacts.app */,
			);
			name = Products;
			sourceTree = "<group>";
		};
		F43CD5D51E72199C00CBEDE3 /* FunFacts */ = {
			isa = PBXGroup;
			children = (
				F43CD5D61E72199C00CBEDE3 /* AppDelegate.swift */,
				F43CD5D81E72199C00CBEDE3 /* ViewController.swift */,
				F43CD5DA1E72199C00CBEDE3 /* Main.storyboard */,
				F43CD5DD1E72199C00CBEDE3 /* Assets.xcassets */,
				F43CD5DF1E72199C00CBEDE3 /* LaunchScreen.storyboard */,
				F43CD5E21E72199C00CBEDE3 /* Info.plist */,
			);
			path = FunFacts;
			sourceTree = "<group>";
		};
/* End PBXGroup section */

/* Begin PBXNativeTarget section */
		F43CD5D21E72199C00CBEDE3 /* FunFacts */ = {
			isa = PBXNativeTarget;
			buildConfigurationList = F43CD5E51E72199C00CBEDE3 /* Build configuration list for PBXNativeTarget "FunFacts" */;
			buildPhases = (
				F43CD5CF1E72199C00CBEDE3 /* Sources */,
				F43CD5D01E72199C00CBEDE3 /* Frameworks */,
				F43CD5D11E72199C00CBEDE3 /* Resources */,
			);
			buildRules = (
			);
			dependencies = (
			);
			name = FunFacts;
			productName = FunFacts;
			productReference = F43CD5D31E72199C00CBEDE3 /* FunFacts.app */;
			productType = "com.apple.product-type.application";
		};
/* End PBXNativeTarget section */

/* Begin PBXProject section */
		F43CD5CB1E72199C00CBEDE3 /* Project object */ = {
			isa = PBXProject;
			attributes = {
				LastSwiftUpdateCheck = 0820;
				LastUpgradeCheck = 0820;
				ORGANIZATIONNAME = "Sarah Kohl";
				TargetAttributes = {
					F43CD5D21E72199C00CBEDE3 = {
						CreatedOnToolsVersion = 8.2.1;
						DevelopmentTeam = TQ4CTVNPPG;
						ProvisioningStyle = Automatic;
					};
				};
			};
			buildConfigurationList = F43CD5CE1E72199C00CBEDE3 /* Build configuration list for PBXProject "FunFacts" */;
			compatibilityVersion = "Xcode 3.2";
			developmentRegion = English;
			hasScannedForEncodings = 0;
			knownRegions = (
				en,
				Base,
			);
			mainGroup = F43CD5CA1E72199C00CBEDE3;
			productRefGroup = F43CD5D41E72199C00CBEDE3 /* Products */;
			projectDirPath = "";
			projectRoot = "";
			targets = (
				F43CD5D21E72199C00CBEDE3 /* FunFacts */,
			);
		};
/* End PBXProject section */

/* Begin PBXResourcesBuildPhase section */
		F43CD5D11E72199C00CBEDE3 /* Resources */ = {
			isa = PBXResourcesBuildPhase;
			buildActionMask = 2147483647;
			files = (
				F43CD5E11E72199C00CBEDE3 /* LaunchScreen.storyboard in Resources */,
				F43CD5DE1E72199C00CBEDE3 /* Assets.xcassets in Resources */,
				F43CD5DC1E72199C00CBEDE3 /* Main.storyboard in Resources */,
			);
			runOnlyForDeploymentPostprocessing = 0;
		};
/* End PBXResourcesBuildPhase section */

/* Begin PBXSourcesBuildPhase section */
		F43CD5CF1E72199C00CBEDE3 /* Sources */ = {
			isa = PBXSourcesBuildPhase;
			buildActionMask = 2147483647;
			files = (
				F43CD5D91E72199C00CBEDE3 /* ViewController.swift in Sources */,
				F43CD5D71E72199C00CBEDE3 /* AppDelegate.swift in Sources */,
				F4EF666B1E984EFC003D5F81 /* BackgroundColorProvider.swift in Sources */,
				F4FDAF0E1E89F7B30017F98F /* FactProvider.swift in Sources */,
			);
			runOnlyForDeploymentPostprocessing = 0;
		};
/* End PBXSourcesBuildPhase section */

/* Begin PBXVariantGroup section */
		F43CD5DA1E72199C00CBEDE3 /* Main.storyboard */ = {
			isa = PBXVariantGroup;
			children = (
				F43CD5DB1E72199C00CBEDE3 /* Base */,
			);
			name = Main.storyboard;
			sourceTree = "<group>";
		};
		F43CD5DF1E72199C00CBEDE3 /* LaunchScreen.storyboard */ = {
			isa = PBXVariantGroup;
			children = (
				F43CD5E01E72199C00CBEDE3 /* Base */,
			);
			name = LaunchScreen.storyboard;
			sourceTree = "<group>";
		};
/* End PBXVariantGroup section */

/* Begin XCBuildConfiguration section */
		F43CD5E31E72199C00CBEDE3 /* Debug */ = {
			isa = XCBuildConfiguration;
			buildSettings = {
				ALWAYS_SEARCH_USER_PATHS = NO;
				CLANG_ANALYZER_NONNULL = YES;
				CLANG_CXX_LANGUAGE_STANDARD = "gnu++0x";
				CLANG_CXX_LIBRARY = "libc++";
				CLANG_ENABLE_MODULES = YES;
				CLANG_ENABLE_OBJC_ARC = YES;
				CLANG_WARN_BOOL_CONVERSION = YES;
				CLANG_WARN_CONSTANT_CONVERSION = YES;
				CLANG_WARN_DIRECT_OBJC_ISA_USAGE = YES_ERROR;
				CLANG_WARN_DOCUMENTATION_COMMENTS = YES;
				CLANG_WARN_EMPTY_BODY = YES;
				CLANG_WARN_ENUM_CONVERSION = YES;
				CLANG_WARN_INFINITE_RECURSION = YES;
				CLANG_WARN_INT_CONVERSION = YES;
				CLANG_WARN_OBJC_ROOT_CLASS = YES_ERROR;
				CLANG_WARN_SUSPICIOUS_MOVE = YES;
				CLANG_WARN_UNREACHABLE_CODE = YES;
				CLANG_WARN__DUPLICATE_METHOD_MATCH = YES;
				"CODE_SIGN_IDENTITY[sdk=iphoneos*]" = "iPhone Developer";
				COPY_PHASE_STRIP = NO;
				DEBUG_INFORMATION_FORMAT = dwarf;
				ENABLE_STRICT_OBJC_MSGSEND = YES;
				ENABLE_TESTABILITY = YES;
				GCC_C_LANGUAGE_STANDARD = gnu99;
				GCC_DYNAMIC_NO_PIC = NO;
				GCC_NO_COMMON_BLOCKS = YES;
				GCC_OPTIMIZATION_LEVEL = 0;
				GCC_PREPROCESSOR_DEFINITIONS = (
					"DEBUG=1",
					"$(inherited)",
				);
				GCC_WARN_64_TO_32_BIT_CONVERSION = YES;
				GCC_WARN_ABOUT_RETURN_TYPE = YES_ERROR;
				GCC_WARN_UNDECLARED_SELECTOR = YES;
				GCC_WARN_UNINITIALIZED_AUTOS = YES_AGGRESSIVE;
				GCC_WARN_UNUSED_FUNCTION = YES;
				GCC_WARN_UNUSED_VARIABLE = YES;
				IPHONEOS_DEPLOYMENT_TARGET = 10.2;
				MTL_ENABLE_DEBUG_INFO = YES;
				ONLY_ACTIVE_ARCH = YES;
				SDKROOT = iphoneos;
				SWIFT_ACTIVE_COMPILATION_CONDITIONS = DEBUG;
				SWIFT_OPTIMIZATION_LEVEL = "-Onone";
			};
			name = Debug;
		};
		F43CD5E41E72199C00CBEDE3 /* Release */ = {
			isa = XCBuildConfiguration;
			buildSettings = {
				ALWAYS_SEARCH_USER_PATHS = NO;
				CLANG_ANALYZER_NONNULL = YES;
				CLANG_CXX_LANGUAGE_STANDARD = "gnu++0x";
				CLANG_CXX_LIBRARY = "libc++";
				CLANG_ENABLE_MODULES = YES;
				CLANG_ENABLE_OBJC_ARC = YES;
				CLANG_WARN_BOOL_CONVERSION = YES;
				CLANG_WARN_CONSTANT_CONVERSION = YES;
				CLANG_WARN_DIRECT_OBJC_ISA_USAGE = YES_ERROR;
				CLANG_WARN_DOCUMENTATION_COMMENTS = YES;
				CLANG_WARN_EMPTY_BODY = YES;
				CLANG_WARN_ENUM_CONVERSION = YES;
				CLANG_WARN_INFINITE_RECURSION = YES;
				CLANG_WARN_INT_CONVERSION = YES;
				CLANG_WARN_OBJC_ROOT_CLASS = YES_ERROR;
				CLANG_WARN_SUSPICIOUS_MOVE = YES;
				CLANG_WARN_UNREACHABLE_CODE = YES;
				CLANG_WARN__DUPLICATE_METHOD_MATCH = YES;
				"CODE_SIGN_IDENTITY[sdk=iphoneos*]" = "iPhone Developer";
				COPY_PHASE_STRIP = NO;
				DEBUG_INFORMATION_FORMAT = "dwarf-with-dsym";
				ENABLE_NS_ASSERTIONS = NO;
				ENABLE_STRICT_OBJC_MSGSEND = YES;
				GCC_C_LANGUAGE_STANDARD = gnu99;
				GCC_NO_COMMON_BLOCKS = YES;
				GCC_WARN_64_TO_32_BIT_CONVERSION = YES;
				GCC_WARN_ABOUT_RETURN_TYPE = YES_ERROR;
				GCC_WARN_UNDECLARED_SELECTOR = YES;
				GCC_WARN_UNINITIALIZED_AUTOS = YES_AGGRESSIVE;
				GCC_WARN_UNUSED_FUNCTION = YES;
				GCC_WARN_UNUSED_VARIABLE = YES;
				IPHONEOS_DEPLOYMENT_TARGET = 10.2;
				MTL_ENABLE_DEBUG_INFO = NO;
				SDKROOT = iphoneos;
				SWIFT_OPTIMIZATION_LEVEL = "-Owholemodule";
				VALIDATE_PRODUCT = YES;
			};
			name = Release;
		};
		F43CD5E61E72199C00CBEDE3 /* Debug */ = {
			isa = XCBuildConfiguration;
			buildSettings = {
				ASSETCATALOG_COMPILER_APPICON_NAME = AppIcon;
				DEVELOPMENT_TEAM = TQ4CTVNPPG;
				INFOPLIST_FILE = FunFacts/Info.plist;
				LD_RUNPATH_SEARCH_PATHS = "$(inherited) @executable_path/Frameworks";
				PRODUCT_BUNDLE_IDENTIFIER = "sarahckohl-com.github.FunFacts";
				PRODUCT_NAME = "$(TARGET_NAME)";
				SWIFT_VERSION = 3.0;
			};
			name = Debug;
		};
		F43CD5E71E72199C00CBEDE3 /* Release */ = {
			isa = XCBuildConfiguration;
			buildSettings = {
				ASSETCATALOG_COMPILER_APPICON_NAME = AppIcon;
				DEVELOPMENT_TEAM = TQ4CTVNPPG;
				INFOPLIST_FILE = FunFacts/Info.plist;
				LD_RUNPATH_SEARCH_PATHS = "$(inherited) @executable_path/Frameworks";
				PRODUCT_BUNDLE_IDENTIFIER = "sarahckohl-com.github.FunFacts";
				PRODUCT_NAME = "$(TARGET_NAME)";
				SWIFT_VERSION = 3.0;
			};
			name = Release;
		};
/* End XCBuildConfiguration section */

/* Begin XCConfigurationList section */
		F43CD5CE1E72199C00CBEDE3 /* Build configuration list for PBXProject "FunFacts" */ = {
			isa = XCConfigurationList;
			buildConfigurations = (
				F43CD5E31E72199C00CBEDE3 /* Debug */,
				F43CD5E41E72199C00CBEDE3 /* Release */,
			);
			defaultConfigurationIsVisible = 0;
			defaultConfigurationName = Release;
		};
		F43CD5E51E72199C00CBEDE3 /* Build configuration list for PBXNativeTarget "FunFacts" */ = {
			isa = XCConfigurationList;
			buildConfigurations = (
				F43CD5E61E72199C00CBEDE3 /* Debug */,
				F43CD5E71E72199C00CBEDE3 /* Release */,
			);
			defaultConfigurationIsVisible = 0;
			defaultConfigurationName = Release;
		};
/* End XCConfigurationList section */
	};
	rootObject = F43CD5CB1E72199C00CBEDE3 /* Project object */;
}
